<?xml version="1.0" encoding="utf-8"?>
<Project ToolsVersion="4.0" xmlns="http://schemas.microsoft.com/developer/msbuild/2003">
  <ItemGroup>
    <Filter Include="소스 파일">
      <UniqueIdentifier>{4FC737F1-C7A5-4376-A066-2A32D752A2FF}</UniqueIdentifier>
      <Extensions>cpp;c;cc;cxx;c++;cppm;ixx;def;odl;idl;hpj;bat;asm;asmx</Extensions>
    </Filter>
    <Filter Include="헤더 파일">
      <UniqueIdentifier>{93995380-89BD-4b04-88EB-625FBE52EBFB}</UniqueIdentifier>
      <Extensions>h;hh;hpp;hxx;h++;hm;inl;inc;ipp;xsd</Extensions>
    </Filter>
    <Filter Include="리소스 파일">
      <UniqueIdentifier>{67DA6AB6-F800-4c08-8B7A-83BB121AAD01}</UniqueIdentifier>
      <Extensions>rc;ico;cur;bmp;dlg;rc2;rct;bin;rgs;gif;jpg;jpeg;jpe;resx;tiff;tif;png;wav;mfcribbon-ms</Extensions>
    </Filter>
  </ItemGroup>
  <ItemGroup>
    <ClCompile Include="src\Cell.cpp">
      <Filter>소스 파일</Filter>
    </ClCompile>
    <ClCompile Include="src\MineField.cpp">
      <Filter>소스 파일</Filter>
    </ClCompile>
    <ClCompile Include="src\MineSweeper.cpp">
      <Filter>소스 파일</Filter>
    </ClCompile>
    <ClCompile Include="src\Block.cpp">
      <Filter>소스 파일</Filter>
    </ClCompile>
    <ClCompile Include="src\Board.cpp">
      <Filter>소스 파일</Filter>
    </ClCompile>
    <ClCompile Include="src\Combats\RockPaperScissor.cpp">
      <Filter>소스 파일</Filter>
    </ClCompile>
    <ClCompile Include="src\Combats\DiceRolling.cpp">
      <Filter>소스 파일</Filter>
    </ClCompile>
    <ClCompile Include="src\Combats\ShootTheMonster.cpp">
      <Filter>소스 파일</Filter>
    </ClCompile>
    <ClCompile Include="src\Stage.cpp">
      <Filter>소스 파일</Filter>
    </ClCompile>
    <ClCompile Include="src\Combats\OddOrEven.cpp">
      <Filter>소스 파일</Filter>
    </ClCompile>
    <ClCompile Include="src\Combats\DiceMatching.cpp">
      <Filter>소스 파일</Filter>
    </ClCompile>
    <ClCompile Include="src\BlockBreakHandler.cpp">
      <Filter>소스 파일</Filter>
    </ClCompile>
    <ClCompile Include="src\PRtest.cpp">
      <Filter>소스 파일</Filter>
    </ClCompile>
  </ItemGroup>
  <ItemGroup>
    <ClInclude Include="src\MineField.h">
      <Filter>헤더 파일</Filter>
    </ClInclude>
    <ClInclude Include="src\resource.h">
      <Filter>헤더 파일</Filter>
    </ClInclude>
    <ClInclude Include="src\Cell.h">
      <Filter>헤더 파일</Filter>
    </ClInclude>
    <ClInclude Include="src\CommonDeclarations.h">
      <Filter>헤더 파일</Filter>
    </ClInclude>
    <ClInclude Include="src\Block.h">
      <Filter>헤더 파일</Filter>
    </ClInclude>
    <ClInclude Include="src\Board.h">
      <Filter>헤더 파일</Filter>
    </ClInclude>
    <ClInclude Include="src\Combat.h">
      <Filter>헤더 파일</Filter>
    </ClInclude>
    <ClInclude Include="src\Combats\RockPaperScissor.h">
      <Filter>헤더 파일</Filter>
    </ClInclude>
    <ClInclude Include="src\Combats\DiceRolling.h">
      <Filter>헤더 파일</Filter>
    </ClInclude>
    <ClInclude Include="src\Combats\ShootTheMonster.h">
      <Filter>헤더 파일</Filter>
    </ClInclude>
    <ClInclude Include="src\Stage.h">
      <Filter>헤더 파일</Filter>
    </ClInclude>
    <ClInclude Include="src\Combats\OddOrEven.h">
      <Filter>헤더 파일</Filter>
    </ClInclude>
    <ClInclude Include="src\Combats\DiceMatching.h">
      <Filter>헤더 파일</Filter>
    </ClInclude>
    <ClInclude Include="src\BlockBreakHandler.h">
      <Filter>헤더 파일</Filter>
    </ClInclude>
  </ItemGroup>
</Project>